dependencies:
- name: arete-cli
  repository: file://./../arete-cli
  version: 0.1.0
- name: arete-etcd
  repository: file://./../arete-etcd
  version: 0.2.0
- name: arete-orchestrator
  repository: file://./../arete-orchestrator
  version: 0.1.0
digest: sha256:a3bc273fc6c489947eef064dc86a8f0fea2b57552b42837227f2f70cfc9bef5c
generated: "2026-03-30T21:24:50.054880969-07:00"
